
Microsoft Visual Studio Solution File, Format Version 12.00
# Visual Studio Version 17
VisualStudioVersion = 17.0.31903.59
MinimumVisualStudioVersion = 10.0.40219.1
Project("{2150E333-8FDC-42A3-9474-1A3956D46DE8}") = "Presentation", "Presentation", "{8A47ED2F-D319-4338-AEDB-65E925EC465B}"
EndProject
Project("{FAE04EC0-301F-11D3-BF4B-00C04F79EFBC}") = "Api", "Presentation\Api\Api.csproj", "{47093011-7ECA-43E7-87EC-23DCCDA9D896}"
EndProject
Project("{2150E333-8FDC-42A3-9474-1A3956D46DE8}") = "Tests", "Tests", "{1AA8DF91-B3A6-4AEE-86AB-FC44E135D7FA}"
EndProject
Project("{FAE04EC0-301F-11D3-BF4B-00C04F79EFBC}") = "TestUnit", "Tests\TestUnit\TestUnit.csproj", "{2542914D-B19B-4EF7-B54E-F2F3866A181B}"
EndProject
Project("{2150E333-8FDC-42A3-9474-1A3956D46DE8}") = "Infrastructure", "Infrastructure", "{D704E8B0-F9AD-4738-A7E2-992D86CB53D3}"
EndProject
Project("{FAE04EC0-301F-11D3-BF4B-00C04F79EFBC}") = "Security", "Infrastructure\Security\Security.csproj", "{F34500AB-E9DD-4594-A678-7B635A169107}"
EndProject
Project("{FAE04EC0-301F-11D3-BF4B-00C04F79EFBC}") = "IoC", "Infrastructure\IoC\IoC.csproj", "{FBAD2089-F7B0-48B5-B33E-C07EA9587241}"
EndProject
Project("{FAE04EC0-301F-11D3-BF4B-00C04F79EFBC}") = "Data", "Infrastructure\Data\Data.csproj", "{939311FE-AF7D-470B-B300-DDAEFB0DDD89}"
EndProject
Project("{2150E333-8FDC-42A3-9474-1A3956D46DE8}") = "Core", "Core", "{6FCE2A93-DC82-4D3F-A362-4EF721E119BA}"
EndProject
Project("{FAE04EC0-301F-11D3-BF4B-00C04F79EFBC}") = "Domain", "Core\Domain\Domain.csproj", "{E3E53C48-B41C-4A21-A318-8C1DB48C1B89}"
EndProject
Project("{FAE04EC0-301F-11D3-BF4B-00C04F79EFBC}") = "Application", "Core\Application\Application.csproj", "{6128EC74-14A5-407C-9111-E503F33F902C}"
EndProject
Global
	GlobalSection(SolutionConfigurationPlatforms) = preSolution
		Debug|Any CPU = Debug|Any CPU
		Release|Any CPU = Release|Any CPU
	EndGlobalSection
	GlobalSection(SolutionProperties) = preSolution
		HideSolutionNode = FALSE
	EndGlobalSection
	GlobalSection(ProjectConfigurationPlatforms) = postSolution
		{47093011-7ECA-43E7-87EC-23DCCDA9D896}.Debug|Any CPU.ActiveCfg = Debug|Any CPU
		{47093011-7ECA-43E7-87EC-23DCCDA9D896}.Debug|Any CPU.Build.0 = Debug|Any CPU
		{47093011-7ECA-43E7-87EC-23DCCDA9D896}.Release|Any CPU.ActiveCfg = Release|Any CPU
		{47093011-7ECA-43E7-87EC-23DCCDA9D896}.Release|Any CPU.Build.0 = Release|Any CPU
		{2542914D-B19B-4EF7-B54E-F2F3866A181B}.Debug|Any CPU.ActiveCfg = Debug|Any CPU
		{2542914D-B19B-4EF7-B54E-F2F3866A181B}.Debug|Any CPU.Build.0 = Debug|Any CPU
		{2542914D-B19B-4EF7-B54E-F2F3866A181B}.Release|Any CPU.ActiveCfg = Release|Any CPU
		{2542914D-B19B-4EF7-B54E-F2F3866A181B}.Release|Any CPU.Build.0 = Release|Any CPU
		{F34500AB-E9DD-4594-A678-7B635A169107}.Debug|Any CPU.ActiveCfg = Debug|Any CPU
		{F34500AB-E9DD-4594-A678-7B635A169107}.Debug|Any CPU.Build.0 = Debug|Any CPU
		{F34500AB-E9DD-4594-A678-7B635A169107}.Release|Any CPU.ActiveCfg = Release|Any CPU
		{F34500AB-E9DD-4594-A678-7B635A169107}.Release|Any CPU.Build.0 = Release|Any CPU
		{FBAD2089-F7B0-48B5-B33E-C07EA9587241}.Debug|Any CPU.ActiveCfg = Debug|Any CPU
		{FBAD2089-F7B0-48B5-B33E-C07EA9587241}.Debug|Any CPU.Build.0 = Debug|Any CPU
		{FBAD2089-F7B0-48B5-B33E-C07EA9587241}.Release|Any CPU.ActiveCfg = Release|Any CPU
		{FBAD2089-F7B0-48B5-B33E-C07EA9587241}.Release|Any CPU.Build.0 = Release|Any CPU
		{939311FE-AF7D-470B-B300-DDAEFB0DDD89}.Debug|Any CPU.ActiveCfg = Debug|Any CPU
		{939311FE-AF7D-470B-B300-DDAEFB0DDD89}.Debug|Any CPU.Build.0 = Debug|Any CPU
		{939311FE-AF7D-470B-B300-DDAEFB0DDD89}.Release|Any CPU.ActiveCfg = Release|Any CPU
		{939311FE-AF7D-470B-B300-DDAEFB0DDD89}.Release|Any CPU.Build.0 = Release|Any CPU
		{E3E53C48-B41C-4A21-A318-8C1DB48C1B89}.Debug|Any CPU.ActiveCfg = Debug|Any CPU
		{E3E53C48-B41C-4A21-A318-8C1DB48C1B89}.Debug|Any CPU.Build.0 = Debug|Any CPU
		{E3E53C48-B41C-4A21-A318-8C1DB48C1B89}.Release|Any CPU.ActiveCfg = Release|Any CPU
		{E3E53C48-B41C-4A21-A318-8C1DB48C1B89}.Release|Any CPU.Build.0 = Release|Any CPU
		{6128EC74-14A5-407C-9111-E503F33F902C}.Debug|Any CPU.ActiveCfg = Debug|Any CPU
		{6128EC74-14A5-407C-9111-E503F33F902C}.Debug|Any CPU.Build.0 = Debug|Any CPU
		{6128EC74-14A5-407C-9111-E503F33F902C}.Release|Any CPU.ActiveCfg = Release|Any CPU
		{6128EC74-14A5-407C-9111-E503F33F902C}.Release|Any CPU.Build.0 = Release|Any CPU
	EndGlobalSection
	GlobalSection(NestedProjects) = preSolution
		{47093011-7ECA-43E7-87EC-23DCCDA9D896} = {8A47ED2F-D319-4338-AEDB-65E925EC465B}
		{2542914D-B19B-4EF7-B54E-F2F3866A181B} = {1AA8DF91-B3A6-4AEE-86AB-FC44E135D7FA}
		{F34500AB-E9DD-4594-A678-7B635A169107} = {D704E8B0-F9AD-4738-A7E2-992D86CB53D3}
		{FBAD2089-F7B0-48B5-B33E-C07EA9587241} = {D704E8B0-F9AD-4738-A7E2-992D86CB53D3}
		{939311FE-AF7D-470B-B300-DDAEFB0DDD89} = {D704E8B0-F9AD-4738-A7E2-992D86CB53D3}
		{E3E53C48-B41C-4A21-A318-8C1DB48C1B89} = {6FCE2A93-DC82-4D3F-A362-4EF721E119BA}
		{6128EC74-14A5-407C-9111-E503F33F902C} = {6FCE2A93-DC82-4D3F-A362-4EF721E119BA}
	EndGlobalSection
EndGlobal
